// !$*UTF8*$!
{
	archiveVersion = 1;
	classes = {
	};
	objectVersion = 50;
	objects = {

/* Begin PBXBuildFile section */
		63081D3323C3ED4300E234F4 /* CostumerDetailsViewController.swift in Sources */ = {isa = PBXBuildFile; fileRef = 63081D3223C3ED4300E234F4 /* CostumerDetailsViewController.swift */; };
		6312B07423AE87C300F42C79 /* AppDelegate.swift in Sources */ = {isa = PBXBuildFile; fileRef = 6312B07323AE87C300F42C79 /* AppDelegate.swift */; };
		6312B07623AE87C300F42C79 /* SceneDelegate.swift in Sources */ = {isa = PBXBuildFile; fileRef = 6312B07523AE87C300F42C79 /* SceneDelegate.swift */; };
		6312B07823AE87C300F42C79 /* CustomerViewController.swift in Sources */ = {isa = PBXBuildFile; fileRef = 6312B07723AE87C300F42C79 /* CustomerViewController.swift */; };
		6312B07B23AE87C300F42C79 /* Main.storyboard in Resources */ = {isa = PBXBuildFile; fileRef = 6312B07923AE87C300F42C79 /* Main.storyboard */; };
		6312B07E23AE87C300F42C79 /* WaterMetteringAssist.xcdatamodeld in Sources */ = {isa = PBXBuildFile; fileRef = 6312B07C23AE87C300F42C79 /* WaterMetteringAssist.xcdatamodeld */; };
		6312B08023AE87C500F42C79 /* Assets.xcassets in Resources */ = {isa = PBXBuildFile; fileRef = 6312B07F23AE87C500F42C79 /* Assets.xcassets */; };
		6312B08323AE87C500F42C79 /* LaunchScreen.storyboard in Resources */ = {isa = PBXBuildFile; fileRef = 6312B08123AE87C500F42C79 /* LaunchScreen.storyboard */; };
		6321AC3123CC75C600B06B1D /* AlertService.swift in Sources */ = {isa = PBXBuildFile; fileRef = 6321AC3023CC75C600B06B1D /* AlertService.swift */; };
		633C44D823C361C000FBC3D2 /* AddNewCustomerViewController.swift in Sources */ = {isa = PBXBuildFile; fileRef = 633C44D723C361C000FBC3D2 /* AddNewCustomerViewController.swift */; };
		63ACFEC123D2741C006E21AA /* ExportData.swift in Sources */ = {isa = PBXBuildFile; fileRef = 63ACFEC023D2741C006E21AA /* ExportData.swift */; };
		63EBAC5A23D32AD600534D29 /* KeyboardAdjustment.swift in Sources */ = {isa = PBXBuildFile; fileRef = 63EBAC5923D32AD600534D29 /* KeyboardAdjustment.swift */; };
		63FF3B2B23CF3D8A002C415C /* MonthlyReadings+CoreDataClass.swift in Sources */ = {isa = PBXBuildFile; fileRef = 63FF3B2723CF3D8A002C415C /* MonthlyReadings+CoreDataClass.swift */; };
		63FF3B2C23CF3D8A002C415C /* MonthlyReadings+CoreDataProperties.swift in Sources */ = {isa = PBXBuildFile; fileRef = 63FF3B2823CF3D8A002C415C /* MonthlyReadings+CoreDataProperties.swift */; };
		63FF3B2D23CF3D8A002C415C /* Customer+CoreDataClass.swift in Sources */ = {isa = PBXBuildFile; fileRef = 63FF3B2923CF3D8A002C415C /* Customer+CoreDataClass.swift */; };
		63FF3B2E23CF3D8A002C415C /* Customer+CoreDataProperties.swift in Sources */ = {isa = PBXBuildFile; fileRef = 63FF3B2A23CF3D8A002C415C /* Customer+CoreDataProperties.swift */; };
/* End PBXBuildFile section */

/* Begin PBXFileReference section */
		63081D3223C3ED4300E234F4 /* CostumerDetailsViewController.swift */ = {isa = PBXFileReference; lastKnownFileType = sourcecode.swift; path = CostumerDetailsViewController.swift; sourceTree = "<group>"; };
		6312B07023AE87C300F42C79 /* WaterMetteringAssist.app */ = {isa = PBXFileReference; explicitFileType = wrapper.application; includeInIndex = 0; path = WaterMetteringAssist.app; sourceTree = BUILT_PRODUCTS_DIR; };
		6312B07323AE87C300F42C79 /* AppDelegate.swift */ = {isa = PBXFileReference; lastKnownFileType = sourcecode.swift; path = AppDelegate.swift; sourceTree = "<group>"; };
		6312B07523AE87C300F42C79 /* SceneDelegate.swift */ = {isa = PBXFileReference; lastKnownFileType = sourcecode.swift; path = SceneDelegate.swift; sourceTree = "<group>"; };
		6312B07723AE87C300F42C79 /* CustomerViewController.swift */ = {isa = PBXFileReference; lastKnownFileType = sourcecode.swift; path = CustomerViewController.swift; sourceTree = "<group>"; };
		6312B07A23AE87C300F42C79 /* Base */ = {isa = PBXFileReference; lastKnownFileType = file.storyboard; name = Base; path = Base.lproj/Main.storyboard; sourceTree = "<group>"; };
		6312B07D23AE87C300F42C79 /* WaterMetteringAssist.xcdatamodel */ = {isa = PBXFileReference; lastKnownFileType = wrapper.xcdatamodel; path = WaterMetteringAssist.xcdatamodel; sourceTree = "<group>"; };
		6312B07F23AE87C500F42C79 /* Assets.xcassets */ = {isa = PBXFileReference; lastKnownFileType = folder.assetcatalog; path = Assets.xcassets; sourceTree = "<group>"; };
		6312B08223AE87C500F42C79 /* Base */ = {isa = PBXFileReference; lastKnownFileType = file.storyboard; name = Base; path = Base.lproj/LaunchScreen.storyboard; sourceTree = "<group>"; };
		6312B08423AE87C500F42C79 /* Info.plist */ = {isa = PBXFileReference; lastKnownFileType = text.plist.xml; path = Info.plist; sourceTree = "<group>"; };
		6321AC3023CC75C600B06B1D /* AlertService.swift */ = {isa = PBXFileReference; lastKnownFileType = sourcecode.swift; path = AlertService.swift; sourceTree = "<group>"; };
		633C44D723C361C000FBC3D2 /* AddNewCustomerViewController.swift */ = {isa = PBXFileReference; lastKnownFileType = sourcecode.swift; path = AddNewCustomerViewController.swift; sourceTree = "<group>"; };
		63ACFEC023D2741C006E21AA /* ExportData.swift */ = {isa = PBXFileReference; lastKnownFileType = sourcecode.swift; path = ExportData.swift; sourceTree = "<group>"; };
		63EBAC5923D32AD600534D29 /* KeyboardAdjustment.swift */ = {isa = PBXFileReference; lastKnownFileType = sourcecode.swift; path = KeyboardAdjustment.swift; sourceTree = "<group>"; };
		63FF3B2723CF3D8A002C415C /* MonthlyReadings+CoreDataClass.swift */ = {isa = PBXFileReference; lastKnownFileType = sourcecode.swift; path = "MonthlyReadings+CoreDataClass.swift"; sourceTree = "<group>"; };
		63FF3B2823CF3D8A002C415C /* MonthlyReadings+CoreDataProperties.swift */ = {isa = PBXFileReference; lastKnownFileType = sourcecode.swift; path = "MonthlyReadings+CoreDataProperties.swift"; sourceTree = "<group>"; };
		63FF3B2923CF3D8A002C415C /* Customer+CoreDataClass.swift */ = {isa = PBXFileReference; lastKnownFileType = sourcecode.swift; path = "Customer+CoreDataClass.swift"; sourceTree = "<group>"; };
		63FF3B2A23CF3D8A002C415C /* Customer+CoreDataProperties.swift */ = {isa = PBXFileReference; lastKnownFileType = sourcecode.swift; path = "Customer+CoreDataProperties.swift"; sourceTree = "<group>"; };
/* End PBXFileReference section */

/* Begin PBXFrameworksBuildPhase section */
		6312B06D23AE87C300F42C79 /* Frameworks */ = {
			isa = PBXFrameworksBuildPhase;
			buildActionMask = 2147483647;
			files = (
			);
			runOnlyForDeploymentPostprocessing = 0;
		};
/* End PBXFrameworksBuildPhase section */

/* Begin PBXGroup section */
		6312B06723AE87C300F42C79 = {
			isa = PBXGroup;
			children = (
				6312B07223AE87C300F42C79 /* WaterMetteringAssist */,
				6312B07123AE87C300F42C79 /* Products */,
			);
			sourceTree = "<group>";
		};
		6312B07123AE87C300F42C79 /* Products */ = {
			isa = PBXGroup;
			children = (
				6312B07023AE87C300F42C79 /* WaterMetteringAssist.app */,
			);
			name = Products;
			sourceTree = "<group>";
		};
		6312B07223AE87C300F42C79 /* WaterMetteringAssist */ = {
			isa = PBXGroup;
			children = (
				6312B07323AE87C300F42C79 /* AppDelegate.swift */,
				6312B07523AE87C300F42C79 /* SceneDelegate.swift */,
				63EBAC5923D32AD600534D29 /* KeyboardAdjustment.swift */,
				63A8A2DF23C209EA003B00B4 /* Model */,
				63A8A2E123C20A10003B00B4 /* ViewControllers */,
				6312B07923AE87C300F42C79 /* Main.storyboard */,
				6321AC2F23CC753600B06B1D /* Services */,
				6312B07F23AE87C500F42C79 /* Assets.xcassets */,
				6312B08123AE87C500F42C79 /* LaunchScreen.storyboard */,
				6312B08423AE87C500F42C79 /* Info.plist */,
			);
			path = WaterMetteringAssist;
			sourceTree = "<group>";
		};
		6321AC2F23CC753600B06B1D /* Services */ = {
			isa = PBXGroup;
			children = (
				6321AC3023CC75C600B06B1D /* AlertService.swift */,
				63ACFEC023D2741C006E21AA /* ExportData.swift */,
			);
			path = Services;
			sourceTree = "<group>";
		};
		63A8A2DF23C209EA003B00B4 /* Model */ = {
			isa = PBXGroup;
			children = (
				63FF3B2723CF3D8A002C415C /* MonthlyReadings+CoreDataClass.swift */,
				63FF3B2823CF3D8A002C415C /* MonthlyReadings+CoreDataProperties.swift */,
				63FF3B2923CF3D8A002C415C /* Customer+CoreDataClass.swift */,
				63FF3B2A23CF3D8A002C415C /* Customer+CoreDataProperties.swift */,
				6312B07C23AE87C300F42C79 /* WaterMetteringAssist.xcdatamodeld */,
			);
			path = Model;
			sourceTree = "<group>";
		};
		63A8A2E123C20A10003B00B4 /* ViewControllers */ = {
			isa = PBXGroup;
			children = (
				6312B07723AE87C300F42C79 /* CustomerViewController.swift */,
				633C44D723C361C000FBC3D2 /* AddNewCustomerViewController.swift */,
				63081D3223C3ED4300E234F4 /* CostumerDetailsViewController.swift */,
			);
			path = ViewControllers;
			sourceTree = "<group>";
		};
/* End PBXGroup section */

/* Begin PBXNativeTarget section */
		6312B06F23AE87C300F42C79 /* WaterMetteringAssist */ = {
			isa = PBXNativeTarget;
			buildConfigurationList = 6312B08723AE87C500F42C79 /* Build configuration list for PBXNativeTarget "WaterMetteringAssist" */;
			buildPhases = (
				6312B06C23AE87C300F42C79 /* Sources */,
				6312B06D23AE87C300F42C79 /* Frameworks */,
				6312B06E23AE87C300F42C79 /* Resources */,
			);
			buildRules = (
			);
			dependencies = (
			);
			name = WaterMetteringAssist;
			productName = WaterMetteringAssist;
			productReference = 6312B07023AE87C300F42C79 /* WaterMetteringAssist.app */;
			productType = "com.apple.product-type.application";
		};
/* End PBXNativeTarget section */

/* Begin PBXProject section */
		6312B06823AE87C300F42C79 /* Project object */ = {
			isa = PBXProject;
			attributes = {
				LastSwiftUpdateCheck = 1130;
				LastUpgradeCheck = 1130;
				ORGANIZATIONNAME = Ric;
				TargetAttributes = {
					6312B06F23AE87C300F42C79 = {
						CreatedOnToolsVersion = 11.3;
					};
				};
			};
			buildConfigurationList = 6312B06B23AE87C300F42C79 /* Build configuration list for PBXProject "WaterMetteringAssist" */;
			compatibilityVersion = "Xcode 9.3";
			developmentRegion = en;
			hasScannedForEncodings = 0;
			knownRegions = (
				en,
				Base,
			);
			mainGroup = 6312B06723AE87C300F42C79;
			productRefGroup = 6312B07123AE87C300F42C79 /* Products */;
			projectDirPath = "";
			projectRoot = "";
			targets = (
				6312B06F23AE87C300F42C79 /* WaterMetteringAssist */,
			);
		};
/* End PBXProject section */

/* Begin PBXResourcesBuildPhase section */
		6312B06E23AE87C300F42C79 /* Resources */ = {
			isa = PBXResourcesBuildPhase;
			buildActionMask = 2147483647;
			files = (
				6312B08323AE87C500F42C79 /* LaunchScreen.storyboard in Resources */,
				6312B08023AE87C500F42C79 /* Assets.xcassets in Resources */,
				6312B07B23AE87C300F42C79 /* Main.storyboard in Resources */,
			);
			runOnlyForDeploymentPostprocessing = 0;
		};
/* End PBXResourcesBuildPhase section */

/* Begin PBXSourcesBuildPhase section */
		6312B06C23AE87C300F42C79 /* Sources */ = {
			isa = PBXSourcesBuildPhase;
			buildActionMask = 2147483647;
			files = (
				6312B07823AE87C300F42C79 /* CustomerViewController.swift in Sources */,
				6312B07423AE87C300F42C79 /* AppDelegate.swift in Sources */,
				6321AC3123CC75C600B06B1D /* AlertService.swift in Sources */,
				633C44D823C361C000FBC3D2 /* AddNewCustomerViewController.swift in Sources */,
				6312B07E23AE87C300F42C79 /* WaterMetteringAssist.xcdatamodeld in Sources */,
				6312B07623AE87C300F42C79 /* SceneDelegate.swift in Sources */,
				63FF3B2C23CF3D8A002C415C /* MonthlyReadings+CoreDataProperties.swift in Sources */,
				63EBAC5A23D32AD600534D29 /* KeyboardAdjustment.swift in Sources */,
				63FF3B2E23CF3D8A002C415C /* Customer+CoreDataProperties.swift in Sources */,
				63FF3B2B23CF3D8A002C415C /* MonthlyReadings+CoreDataClass.swift in Sources */,
				63081D3323C3ED4300E234F4 /* CostumerDetailsViewController.swift in Sources */,
				63FF3B2D23CF3D8A002C415C /* Customer+CoreDataClass.swift in Sources */,
				63ACFEC123D2741C006E21AA /* ExportData.swift in Sources */,
			);
			runOnlyForDeploymentPostprocessing = 0;
		};
/* End PBXSourcesBuildPhase section */

/* Begin PBXVariantGroup section */
		6312B07923AE87C300F42C79 /* Main.storyboard */ = {
			isa = PBXVariantGroup;
			children = (
				6312B07A23AE87C300F42C79 /* Base */,
			);
			name = Main.storyboard;
			sourceTree = "<group>";
		};
		6312B08123AE87C500F42C79 /* LaunchScreen.storyboard */ = {
			isa = PBXVariantGroup;
			children = (
				6312B08223AE87C500F42C79 /* Base */,
			);
			name = LaunchScreen.storyboard;
			sourceTree = "<group>";
		};
/* End PBXVariantGroup section */

/* Begin XCBuildConfiguration section */
		6312B08523AE87C500F42C79 /* Debug */ = {
			isa = XCBuildConfiguration;
			buildSettings = {
				ALWAYS_SEARCH_USER_PATHS = NO;
				CLANG_ANALYZER_NONNULL = YES;
				CLANG_ANALYZER_NUMBER_OBJECT_CONVERSION = YES_AGGRESSIVE;
				CLANG_CXX_LANGUAGE_STANDARD = "gnu++14";
				CLANG_CXX_LIBRARY = "libc++";
				CLANG_ENABLE_MODULES = YES;
				CLANG_ENABLE_OBJC_ARC = YES;
				CLANG_ENABLE_OBJC_WEAK = YES;
				CLANG_WARN_BLOCK_CAPTURE_AUTORELEASING = YES;
				CLANG_WARN_BOOL_CONVERSION = YES;
				CLANG_WARN_COMMA = YES;
				CLANG_WARN_CONSTANT_CONVERSION = YES;
				CLANG_WARN_DEPRECATED_OBJC_IMPLEMENTATIONS = YES;
				CLANG_WARN_DIRECT_OBJC_ISA_USAGE = YES_ERROR;
				CLANG_WARN_DOCUMENTATION_COMMENTS = YES;
				CLANG_WARN_EMPTY_BODY = YES;
				CLANG_WARN_ENUM_CONVERSION = YES;
				CLANG_WARN_INFINITE_RECURSION = YES;
				CLANG_WARN_INT_CONVERSION = YES;
				CLANG_WARN_NON_LITERAL_NULL_CONVERSION = YES;
				CLANG_WARN_OBJC_IMPLICIT_RETAIN_SELF = YES;
				CLANG_WARN_OBJC_LITERAL_CONVERSION = YES;
				CLANG_WARN_OBJC_ROOT_CLASS = YES_ERROR;
				CLANG_WARN_RANGE_LOOP_ANALYSIS = YES;
				CLANG_WARN_STRICT_PROTOTYPES = YES;
				CLANG_WARN_SUSPICIOUS_MOVE = YES;
				CLANG_WARN_UNGUARDED_AVAILABILITY = YES_AGGRESSIVE;
				CLANG_WARN_UNREACHABLE_CODE = YES;
				CLANG_WARN__DUPLICATE_METHOD_MATCH = YES;
				COPY_PHASE_STRIP = NO;
				DEBUG_INFORMATION_FORMAT = dwarf;
				ENABLE_STRICT_OBJC_MSGSEND = YES;
				ENABLE_TESTABILITY = YES;
				GCC_C_LANGUAGE_STANDARD = gnu11;
				GCC_DYNAMIC_NO_PIC = NO;
				GCC_NO_COMMON_BLOCKS = YES;
				GCC_OPTIMIZATION_LEVEL = 0;
				GCC_PREPROCESSOR_DEFINITIONS = (
					"DEBUG=1",
					"$(inherited)",
				);
				GCC_WARN_64_TO_32_BIT_CONVERSION = YES;
				GCC_WARN_ABOUT_RETURN_TYPE = YES_ERROR;
				GCC_WARN_UNDECLARED_SELECTOR = YES;
				GCC_WARN_UNINITIALIZED_AUTOS = YES_AGGRESSIVE;
				GCC_WARN_UNUSED_FUNCTION = YES;
				GCC_WARN_UNUSED_VARIABLE = YES;
				IPHONEOS_DEPLOYMENT_TARGET = 13.2;
				MTL_ENABLE_DEBUG_INFO = INCLUDE_SOURCE;
				MTL_FAST_MATH = YES;
				ONLY_ACTIVE_ARCH = YES;
				SDKROOT = iphoneos;
				SWIFT_ACTIVE_COMPILATION_CONDITIONS = DEBUG;
				SWIFT_OPTIMIZATION_LEVEL = "-Onone";
			};
			name = Debug;
		};
		6312B08623AE87C500F42C79 /* Release */ = {
			isa = XCBuildConfiguration;
			buildSettings = {
				ALWAYS_SEARCH_USER_PATHS = NO;
				CLANG_ANALYZER_NONNULL = YES;
				CLANG_ANALYZER_NUMBER_OBJECT_CONVERSION = YES_AGGRESSIVE;
				CLANG_CXX_LANGUAGE_STANDARD = "gnu++14";
				CLANG_CXX_LIBRARY = "libc++";
				CLANG_ENABLE_MODULES = YES;
				CLANG_ENABLE_OBJC_ARC = YES;
				CLANG_ENABLE_OBJC_WEAK = YES;
				CLANG_WARN_BLOCK_CAPTURE_AUTORELEASING = YES;
				CLANG_WARN_BOOL_CONVERSION = YES;
				CLANG_WARN_COMMA = YES;
				CLANG_WARN_CONSTANT_CONVERSION = YES;
				CLANG_WARN_DEPRECATED_OBJC_IMPLEMENTATIONS = YES;
				CLANG_WARN_DIRECT_OBJC_ISA_USAGE = YES_ERROR;
				CLANG_WARN_DOCUMENTATION_COMMENTS = YES;
				CLANG_WARN_EMPTY_BODY = YES;
				CLANG_WARN_ENUM_CONVERSION = YES;
				CLANG_WARN_INFINITE_RECURSION = YES;
				CLANG_WARN_INT_CONVERSION = YES;
				CLANG_WARN_NON_LITERAL_NULL_CONVERSION = YES;
				CLANG_WARN_OBJC_IMPLICIT_RETAIN_SELF = YES;
				CLANG_WARN_OBJC_LITERAL_CONVERSION = YES;
				CLANG_WARN_OBJC_ROOT_CLASS = YES_ERROR;
				CLANG_WARN_RANGE_LOOP_ANALYSIS = YES;
				CLANG_WARN_STRICT_PROTOTYPES = YES;
				CLANG_WARN_SUSPICIOUS_MOVE = YES;
				CLANG_WARN_UNGUARDED_AVAILABILITY = YES_AGGRESSIVE;
				CLANG_WARN_UNREACHABLE_CODE = YES;
				CLANG_WARN__DUPLICATE_METHOD_MATCH = YES;
				COPY_PHASE_STRIP = NO;
				DEBUG_INFORMATION_FORMAT = "dwarf-with-dsym";
				ENABLE_NS_ASSERTIONS = NO;
				ENABLE_STRICT_OBJC_MSGSEND = YES;
				GCC_C_LANGUAGE_STANDARD = gnu11;
				GCC_NO_COMMON_BLOCKS = YES;
				GCC_WARN_64_TO_32_BIT_CONVERSION = YES;
				GCC_WARN_ABOUT_RETURN_TYPE = YES_ERROR;
				GCC_WARN_UNDECLARED_SELECTOR = YES;
				GCC_WARN_UNINITIALIZED_AUTOS = YES_AGGRESSIVE;
				GCC_WARN_UNUSED_FUNCTION = YES;
				GCC_WARN_UNUSED_VARIABLE = YES;
				IPHONEOS_DEPLOYMENT_TARGET = 13.2;
				MTL_ENABLE_DEBUG_INFO = NO;
				MTL_FAST_MATH = YES;
				SDKROOT = iphoneos;
				SWIFT_COMPILATION_MODE = wholemodule;
				SWIFT_OPTIMIZATION_LEVEL = "-O";
				VALIDATE_PRODUCT = YES;
			};
			name = Release;
		};
		6312B08823AE87C500F42C79 /* Debug */ = {
			isa = XCBuildConfiguration;
			buildSettings = {
				ASSETCATALOG_COMPILER_APPICON_NAME = AppIcon;
				CODE_SIGN_STYLE = Automatic;
				DEVELOPMENT_TEAM = SCD4H3JPP8;
				INFOPLIST_FILE = WaterMetteringAssist/Info.plist;
				IPHONEOS_DEPLOYMENT_TARGET = 13.0;
				LD_RUNPATH_SEARCH_PATHS = (
					"$(inherited)",
					"@executable_path/Frameworks",
				);
				PRODUCT_BUNDLE_IDENTIFIER = RFer.WaterMetteringAssist;
				PRODUCT_NAME = "$(TARGET_NAME)";
				SWIFT_VERSION = 5.0;
				TARGETED_DEVICE_FAMILY = "1,2";
			};
			name = Debug;
		};
		6312B08923AE87C500F42C79 /* Release */ = {
			isa = XCBuildConfiguration;
			buildSettings = {
				ASSETCATALOG_COMPILER_APPICON_NAME = AppIcon;
				CODE_SIGN_STYLE = Automatic;
				DEVELOPMENT_TEAM = SCD4H3JPP8;
				INFOPLIST_FILE = WaterMetteringAssist/Info.plist;
				IPHONEOS_DEPLOYMENT_TARGET = 13.0;
				LD_RUNPATH_SEARCH_PATHS = (
					"$(inherited)",
					"@executable_path/Frameworks",
				);
				PRODUCT_BUNDLE_IDENTIFIER = RFer.WaterMetteringAssist;
				PRODUCT_NAME = "$(TARGET_NAME)";
				SWIFT_VERSION = 5.0;
				TARGETED_DEVICE_FAMILY = "1,2";
			};
			name = Release;
		};
/* End XCBuildConfiguration section */

/* Begin XCConfigurationList section */
		6312B06B23AE87C300F42C79 /* Build configuration list for PBXProject "WaterMetteringAssist" */ = {
			isa = XCConfigurationList;
			buildConfigurations = (
				6312B08523AE87C500F42C79 /* Debug */,
				6312B08623AE87C500F42C79 /* Release */,
			);
			defaultConfigurationIsVisible = 0;
			defaultConfigurationName = Release;
		};
		6312B08723AE87C500F42C79 /* Build configuration list for PBXNativeTarget "WaterMetteringAssist" */ = {
			isa = XCConfigurationList;
			buildConfigurations = (
				6312B08823AE87C500F42C79 /* Debug */,
				6312B08923AE87C500F42C79 /* Release */,
			);
			defaultConfigurationIsVisible = 0;
			defaultConfigurationName = Release;
		};
/* End XCConfigurationList section */

/* Begin XCVersionGroup section */
		6312B07C23AE87C300F42C79 /* WaterMetteringAssist.xcdatamodeld */ = {
			isa = XCVersionGroup;
			children = (
				6312B07D23AE87C300F42C79 /* WaterMetteringAssist.xcdatamodel */,
			);
			currentVersion = 6312B07D23AE87C300F42C79 /* WaterMetteringAssist.xcdatamodel */;
			path = WaterMetteringAssist.xcdatamodeld;
			sourceTree = "<group>";
			versionGroupType = wrapper.xcdatamodel;
		};
/* End XCVersionGroup section */
	};
	rootObject = 6312B06823AE87C300F42C79 /* Project object */;
}
